
Microsoft Visual Studio Solution File, Format Version 12.00
# Visual Studio Version 17
VisualStudioVersion = 17.3.32825.248
MinimumVisualStudioVersion = 10.0.40219.1
Project("{8BC9CEB8-8B4A-11D0-8D11-00A0C91BC942}") = "成员函数做友元", "成员函数做友元\成员函数做友元.vcxproj", "{393B6618-F8EA-4A78-BDA4-84F58CA6190C}"
EndProject
Global
	GlobalSection(SolutionConfigurationPlatforms) = preSolution
		Debug|x64 = Debug|x64
		Debug|x86 = Debug|x86
		Release|x64 = Release|x64
		Release|x86 = Release|x86
	EndGlobalSection
	GlobalSection(ProjectConfigurationPlatforms) = postSolution
		{393B6618-F8EA-4A78-BDA4-84F58CA6190C}.Debug|x64.ActiveCfg = Debug|x64
		{393B6618-F8EA-4A78-BDA4-84F58CA6190C}.Debug|x64.Build.0 = Debug|x64
		{393B6618-F8EA-4A78-BDA4-84F58CA6190C}.Debug|x86.ActiveCfg = Debug|Win32
		{393B6618-F8EA-4A78-BDA4-84F58CA6190C}.Debug|x86.Build.0 = Debug|Win32
		{393B6618-F8EA-4A78-BDA4-84F58CA6190C}.Release|x64.ActiveCfg = Release|x64
		{393B6618-F8EA-4A78-BDA4-84F58CA6190C}.Release|x64.Build.0 = Release|x64
		{393B6618-F8EA-4A78-BDA4-84F58CA6190C}.Release|x86.ActiveCfg = Release|Win32
		{393B6618-F8EA-4A78-BDA4-84F58CA6190C}.Release|x86.Build.0 = Release|Win32
	EndGlobalSection
	GlobalSection(SolutionProperties) = preSolution
		HideSolutionNode = FALSE
	EndGlobalSection
	GlobalSection(ExtensibilityGlobals) = postSolution
		SolutionGuid = {5C0E9528-FEBF-4C4F-BE18-3674B4D806EB}
	EndGlobalSection
EndGlobal
